
Microsoft Visual Studio Solution File, Format Version 12.00
# Visual Studio 15
VisualStudioVersion = 15.0.28307.421
MinimumVisualStudioVersion = 10.0.40219.1
Project("{FAE04EC0-301F-11D3-BF4B-00C04F79EFBC}") = "ConsoleApp3", "ConsoleApp3\ConsoleApp3.csproj", "{9EA8E45E-0739-49A0-827A-F4B9A0A1B7DF}"
EndProject
Global
	GlobalSection(SolutionConfigurationPlatforms) = preSolution
		Debug|Any CPU = Debug|Any CPU
		Release|Any CPU = Release|Any CPU
	EndGlobalSection
	GlobalSection(ProjectConfigurationPlatforms) = postSolution
		{9EA8E45E-0739-49A0-827A-F4B9A0A1B7DF}.Debug|Any CPU.ActiveCfg = Debug|Any CPU
		{9EA8E45E-0739-49A0-827A-F4B9A0A1B7DF}.Debug|Any CPU.Build.0 = Debug|Any CPU
		{9EA8E45E-0739-49A0-827A-F4B9A0A1B7DF}.Release|Any CPU.ActiveCfg = Release|Any CPU
		{9EA8E45E-0739-49A0-827A-F4B9A0A1B7DF}.Release|Any CPU.Build.0 = Release|Any CPU
	EndGlobalSection
	GlobalSection(SolutionProperties) = preSolution
		HideSolutionNode = FALSE
	EndGlobalSection
	GlobalSection(ExtensibilityGlobals) = postSolution
		SolutionGuid = {32F22D1B-27B8-4361-AB0A-270DBEB1E5F2}
	EndGlobalSection
EndGlobal
